
Microsoft Visual Studio Solution File, Format Version 12.00
# Visual Studio Version 16
VisualStudioVersion = 16.0.31729.503
MinimumVisualStudioVersion = 10.0.40219.1
Project("{FAE04EC0-301F-11D3-BF4B-00C04F79EFBC}") = "Manager", "Manager.csproj", "{3FF20630-7965-438E-825D-D12E23786F27}"
EndProject
Global
	GlobalSection(SolutionConfigurationPlatforms) = preSolution
		Debug|Any CPU = Debug|Any CPU
		Release|Any CPU = Release|Any CPU
	EndGlobalSection
	GlobalSection(ProjectConfigurationPlatforms) = postSolution
		{3FF20630-7965-438E-825D-D12E23786F27}.Debug|Any CPU.ActiveCfg = Debug|Any CPU
		{3FF20630-7965-438E-825D-D12E23786F27}.Debug|Any CPU.Build.0 = Debug|Any CPU
		{3FF20630-7965-438E-825D-D12E23786F27}.Release|Any CPU.ActiveCfg = Release|Any CPU
		{3FF20630-7965-438E-825D-D12E23786F27}.Release|Any CPU.Build.0 = Release|Any CPU
	EndGlobalSection
	GlobalSection(SolutionProperties) = preSolution
		HideSolutionNode = FALSE
	EndGlobalSection
	GlobalSection(ExtensibilityGlobals) = postSolution
		SolutionGuid = {01CB8E8B-9BA4-4DAA-A08C-F4AB154975DB}
	EndGlobalSection
EndGlobal
